
Microsoft Visual Studio Solution File, Format Version 12.00
# Visual Studio Version 17
VisualStudioVersion = 17.5.2.0
MinimumVisualStudioVersion = 10.0.40219.1
Project("{FAE04EC0-301F-11D3-BF4B-00C04F79EFBC}") = "AoC-3", "AoC-3.csproj", "{868BF47C-96AF-D566-3EDB-081B3566159E}"
EndProject
Project("{FAE04EC0-301F-11D3-BF4B-00C04F79EFBC}") = "AoC-4", "..\AoC-4\AoC-4.csproj", "{A920149A-6C47-4C24-97C9-CF8F34D7EC68}"
EndProject
Global
	GlobalSection(SolutionConfigurationPlatforms) = preSolution
		Debug|Any CPU = Debug|Any CPU
		Debug|x64 = Debug|x64
		Debug|x86 = Debug|x86
		Release|Any CPU = Release|Any CPU
		Release|x64 = Release|x64
		Release|x86 = Release|x86
	EndGlobalSection
	GlobalSection(ProjectConfigurationPlatforms) = postSolution
		{868BF47C-96AF-D566-3EDB-081B3566159E}.Debug|Any CPU.ActiveCfg = Debug|Any CPU
		{868BF47C-96AF-D566-3EDB-081B3566159E}.Debug|Any CPU.Build.0 = Debug|Any CPU
		{868BF47C-96AF-D566-3EDB-081B3566159E}.Debug|x64.ActiveCfg = Debug|Any CPU
		{868BF47C-96AF-D566-3EDB-081B3566159E}.Debug|x64.Build.0 = Debug|Any CPU
		{868BF47C-96AF-D566-3EDB-081B3566159E}.Debug|x86.ActiveCfg = Debug|Any CPU
		{868BF47C-96AF-D566-3EDB-081B3566159E}.Debug|x86.Build.0 = Debug|Any CPU
		{868BF47C-96AF-D566-3EDB-081B3566159E}.Release|Any CPU.ActiveCfg = Release|Any CPU
		{868BF47C-96AF-D566-3EDB-081B3566159E}.Release|Any CPU.Build.0 = Release|Any CPU
		{868BF47C-96AF-D566-3EDB-081B3566159E}.Release|x64.ActiveCfg = Release|Any CPU
		{868BF47C-96AF-D566-3EDB-081B3566159E}.Release|x64.Build.0 = Release|Any CPU
		{868BF47C-96AF-D566-3EDB-081B3566159E}.Release|x86.ActiveCfg = Release|Any CPU
		{868BF47C-96AF-D566-3EDB-081B3566159E}.Release|x86.Build.0 = Release|Any CPU
		{A920149A-6C47-4C24-97C9-CF8F34D7EC68}.Debug|Any CPU.ActiveCfg = Debug|Any CPU
		{A920149A-6C47-4C24-97C9-CF8F34D7EC68}.Debug|Any CPU.Build.0 = Debug|Any CPU
		{A920149A-6C47-4C24-97C9-CF8F34D7EC68}.Debug|x64.ActiveCfg = Debug|Any CPU
		{A920149A-6C47-4C24-97C9-CF8F34D7EC68}.Debug|x64.Build.0 = Debug|Any CPU
		{A920149A-6C47-4C24-97C9-CF8F34D7EC68}.Debug|x86.ActiveCfg = Debug|Any CPU
		{A920149A-6C47-4C24-97C9-CF8F34D7EC68}.Debug|x86.Build.0 = Debug|Any CPU
		{A920149A-6C47-4C24-97C9-CF8F34D7EC68}.Release|Any CPU.ActiveCfg = Release|Any CPU
		{A920149A-6C47-4C24-97C9-CF8F34D7EC68}.Release|Any CPU.Build.0 = Release|Any CPU
		{A920149A-6C47-4C24-97C9-CF8F34D7EC68}.Release|x64.ActiveCfg = Release|Any CPU
		{A920149A-6C47-4C24-97C9-CF8F34D7EC68}.Release|x64.Build.0 = Release|Any CPU
		{A920149A-6C47-4C24-97C9-CF8F34D7EC68}.Release|x86.ActiveCfg = Release|Any CPU
		{A920149A-6C47-4C24-97C9-CF8F34D7EC68}.Release|x86.Build.0 = Release|Any CPU
	EndGlobalSection
	GlobalSection(SolutionProperties) = preSolution
		HideSolutionNode = FALSE
	EndGlobalSection
	GlobalSection(ExtensibilityGlobals) = postSolution
		SolutionGuid = {5B3BBF32-388B-4BF7-8FD0-8D0F1A21A084}
	EndGlobalSection
EndGlobal
